// !$*UTF8*$!
{
	archiveVersion = 1;
	classes = {
	};
	objectVersion = 55;
	objects = {

/* Begin PBXBuildFile section */
		3908A8182781B1FE00694BD0 /* ToolCollectionViewCell.swift in Sources */ = {isa = PBXBuildFile; fileRef = 3908A8172781B1FE00694BD0 /* ToolCollectionViewCell.swift */; };
		3908A81A2781B20D00694BD0 /* ToolCollectionViewCell.xib in Resources */ = {isa = PBXBuildFile; fileRef = 3908A8192781B20D00694BD0 /* ToolCollectionViewCell.xib */; };
		3908A81E2781B24500694BD0 /* HomeCellCollectionViewCell.swift in Sources */ = {isa = PBXBuildFile; fileRef = 3908A81D2781B24500694BD0 /* HomeCellCollectionViewCell.swift */; };
		3908A8202781B25000694BD0 /* HomeCellCollectionViewCell.xib in Resources */ = {isa = PBXBuildFile; fileRef = 3908A81F2781B25000694BD0 /* HomeCellCollectionViewCell.xib */; };
		3908A8262781B2CA00694BD0 /* ChatTableViewCell.swift in Sources */ = {isa = PBXBuildFile; fileRef = 3908A8252781B2CA00694BD0 /* ChatTableViewCell.swift */; };
		3908A8282781B2D100694BD0 /* ChatTableViewCell.xib in Resources */ = {isa = PBXBuildFile; fileRef = 3908A8272781B2D100694BD0 /* ChatTableViewCell.xib */; };
		3908A82B2781B2F400694BD0 /* ChatUserTableViewCell.swift in Sources */ = {isa = PBXBuildFile; fileRef = 3908A82A2781B2F400694BD0 /* ChatUserTableViewCell.swift */; };
		3908A82D2781B2FC00694BD0 /* ChatUserTableViewCell.xib in Resources */ = {isa = PBXBuildFile; fileRef = 3908A82C2781B2FC00694BD0 /* ChatUserTableViewCell.xib */; };
		3908A8302781B34B00694BD0 /* ChatUserViewController.swift in Sources */ = {isa = PBXBuildFile; fileRef = 3908A82F2781B34B00694BD0 /* ChatUserViewController.swift */; };
		3908A8322781B35300694BD0 /* ArticlesViewController.swift in Sources */ = {isa = PBXBuildFile; fileRef = 3908A8312781B35300694BD0 /* ArticlesViewController.swift */; };
		3908A8372781B38A00694BD0 /* SignUpViewController.swift in Sources */ = {isa = PBXBuildFile; fileRef = 3908A8362781B38A00694BD0 /* SignUpViewController.swift */; };
		3908A8392781B38F00694BD0 /* ForgotPasswordViewController.swift in Sources */ = {isa = PBXBuildFile; fileRef = 3908A8382781B38F00694BD0 /* ForgotPasswordViewController.swift */; };
		3908A83B2781B3CF00694BD0 /* SectionsDetailsViewController.swift in Sources */ = {isa = PBXBuildFile; fileRef = 3908A83A2781B3CF00694BD0 /* SectionsDetailsViewController.swift */; };
		3908A83D2781B3DA00694BD0 /* ChatViewController.swift in Sources */ = {isa = PBXBuildFile; fileRef = 3908A83C2781B3DA00694BD0 /* ChatViewController.swift */; };
		3908A83F2781B3E300694BD0 /* ArticleDetailsViewController.swift in Sources */ = {isa = PBXBuildFile; fileRef = 3908A83E2781B3E300694BD0 /* ArticleDetailsViewController.swift */; };
		3908A8422781B43000694BD0 /* MainNavigationController.swift in Sources */ = {isa = PBXBuildFile; fileRef = 3908A8412781B43000694BD0 /* MainNavigationController.swift */; };
		3908A8502781B4DB00694BD0 /* UITableViewExtesions.swift.swift in Sources */ = {isa = PBXBuildFile; fileRef = 3908A8452781B4DB00694BD0 /* UITableViewExtesions.swift.swift */; };
		3908A8512781B4DB00694BD0 /* UITextFeildExtensions.swift in Sources */ = {isa = PBXBuildFile; fileRef = 3908A8462781B4DB00694BD0 /* UITextFeildExtensions.swift */; };
		3908A8522781B4DB00694BD0 /* UITextViewExtensions.swift in Sources */ = {isa = PBXBuildFile; fileRef = 3908A8472781B4DB00694BD0 /* UITextViewExtensions.swift */; };
		3908A8532781B4DB00694BD0 /* UIViewContollerExtensions.swift in Sources */ = {isa = PBXBuildFile; fileRef = 3908A8482781B4DB00694BD0 /* UIViewContollerExtensions.swift */; };
		3908A8542781B4DB00694BD0 /* StringExtensions.swift in Sources */ = {isa = PBXBuildFile; fileRef = 3908A8492781B4DB00694BD0 /* StringExtensions.swift */; };
		3908A8552781B4DB00694BD0 /* UIButtonExtesions.swift in Sources */ = {isa = PBXBuildFile; fileRef = 3908A84A2781B4DB00694BD0 /* UIButtonExtesions.swift */; };
		3908A8562781B4DB00694BD0 /* UIImageViewExtesions.swift in Sources */ = {isa = PBXBuildFile; fileRef = 3908A84B2781B4DB00694BD0 /* UIImageViewExtesions.swift */; };
		3908A8572781B4DB00694BD0 /* UICollectionViewExtesions.swift in Sources */ = {isa = PBXBuildFile; fileRef = 3908A84C2781B4DB00694BD0 /* UICollectionViewExtesions.swift */; };
		3908A8582781B4DB00694BD0 /* UIViewExtensions.swift in Sources */ = {isa = PBXBuildFile; fileRef = 3908A84D2781B4DB00694BD0 /* UIViewExtensions.swift */; };
		3908A8592781B4DB00694BD0 /* DateExtensions.swift in Sources */ = {isa = PBXBuildFile; fileRef = 3908A84E2781B4DB00694BD0 /* DateExtensions.swift */; };
		3908A85A2781B4DB00694BD0 /* UIColorExtensions.swift in Sources */ = {isa = PBXBuildFile; fileRef = 3908A84F2781B4DB00694BD0 /* UIColorExtensions.swift */; };
		3908A85C2781B4F700694BD0 /* Constants.swift in Sources */ = {isa = PBXBuildFile; fileRef = 3908A85B2781B4F700694BD0 /* Constants.swift */; };
		3908A85E2781B50200694BD0 /* FirebaseManager.swift in Sources */ = {isa = PBXBuildFile; fileRef = 3908A85D2781B50200694BD0 /* FirebaseManager.swift */; };
		3908A8642781B54100694BD0 /* UserModel.swift in Sources */ = {isa = PBXBuildFile; fileRef = 3908A8602781B54100694BD0 /* UserModel.swift */; };
		3908A8652781B54100694BD0 /* ArticleModel.swift in Sources */ = {isa = PBXBuildFile; fileRef = 3908A8612781B54100694BD0 /* ArticleModel.swift */; };
		3908A8662781B54100694BD0 /* MessageModel.swift in Sources */ = {isa = PBXBuildFile; fileRef = 3908A8622781B54100694BD0 /* MessageModel.swift */; };
		3908A8672781B54100694BD0 /* ToolModel.swift in Sources */ = {isa = PBXBuildFile; fileRef = 3908A8632781B54100694BD0 /* ToolModel.swift */; };
		3908A87E2781B9FB00694BD0 /* UserProfile.swift in Sources */ = {isa = PBXBuildFile; fileRef = 3908A87D2781B9FB00694BD0 /* UserProfile.swift */; };
		3908A8812781BAC500694BD0 /* ArticlesTableViewCell.swift in Sources */ = {isa = PBXBuildFile; fileRef = 3908A8802781BAC500694BD0 /* ArticlesTableViewCell.swift */; };
		3908A8832781BACC00694BD0 /* ArticlesTableViewCell.xib in Resources */ = {isa = PBXBuildFile; fileRef = 3908A8822781BACC00694BD0 /* ArticlesTableViewCell.xib */; };
		391993492781FCC10048E2B7 /* HomeViewController.swift in Sources */ = {isa = PBXBuildFile; fileRef = 391993482781FCC10048E2B7 /* HomeViewController.swift */; };
		393C635527832EE900863714 /* GoogleService-Info.plist in Resources */ = {isa = PBXBuildFile; fileRef = 393C635427832EE900863714 /* GoogleService-Info.plist */; };
		3996E0B32782E52500DCF781 /* SignInViewController1.swift in Sources */ = {isa = PBXBuildFile; fileRef = 3996E0B22782E52500DCF781 /* SignInViewController1.swift */; };
		3996E0B52782EE8D00DCF781 /* ImagePicker.swift in Sources */ = {isa = PBXBuildFile; fileRef = 3996E0B42782EE8D00DCF781 /* ImagePicker.swift */; };
		3996E0BE27830FC000DCF781 /* MenuTableViewCell.xib in Resources */ = {isa = PBXBuildFile; fileRef = 3996E0BC27830FC000DCF781 /* MenuTableViewCell.xib */; };
		3996E0BF27830FC000DCF781 /* MenuTableViewCell.swift in Sources */ = {isa = PBXBuildFile; fileRef = 3996E0BD27830FC000DCF781 /* MenuTableViewCell.swift */; };
		39E76115278180E50017D164 /* AppDelegate.swift in Sources */ = {isa = PBXBuildFile; fileRef = 39E76114278180E50017D164 /* AppDelegate.swift */; };
		39E76117278180E50017D164 /* SceneDelegate.swift in Sources */ = {isa = PBXBuildFile; fileRef = 39E76116278180E50017D164 /* SceneDelegate.swift */; };
		39E7611C278180E50017D164 /* Main.storyboard in Resources */ = {isa = PBXBuildFile; fileRef = 39E7611A278180E50017D164 /* Main.storyboard */; };
		39E7611E278180E90017D164 /* Assets.xcassets in Resources */ = {isa = PBXBuildFile; fileRef = 39E7611D278180E90017D164 /* Assets.xcassets */; };
		39E76121278180E90017D164 /* LaunchScreen.storyboard in Resources */ = {isa = PBXBuildFile; fileRef = 39E7611F278180E90017D164 /* LaunchScreen.storyboard */; };
		4526B670A66B31B0D8AF6E89 /* Pods_Jana.framework in Frameworks */ = {isa = PBXBuildFile; fileRef = 0EFD83045B6A2C3BDC230A52 /* Pods_Jana.framework */; };
/* End PBXBuildFile section */

/* Begin PBXFileReference section */
		0EFD83045B6A2C3BDC230A52 /* Pods_Jana.framework */ = {isa = PBXFileReference; explicitFileType = wrapper.framework; includeInIndex = 0; path = Pods_Jana.framework; sourceTree = BUILT_PRODUCTS_DIR; };
		23FECAFB57932E3DD8F5C99F /* Pods-Jana.release.xcconfig */ = {isa = PBXFileReference; includeInIndex = 1; lastKnownFileType = text.xcconfig; name = "Pods-Jana.release.xcconfig"; path = "Target Support Files/Pods-Jana/Pods-Jana.release.xcconfig"; sourceTree = "<group>"; };
		3908A8172781B1FE00694BD0 /* ToolCollectionViewCell.swift */ = {isa = PBXFileReference; fileEncoding = 4; lastKnownFileType = sourcecode.swift; path = ToolCollectionViewCell.swift; sourceTree = "<group>"; };
		3908A8192781B20D00694BD0 /* ToolCollectionViewCell.xib */ = {isa = PBXFileReference; fileEncoding = 4; lastKnownFileType = file.xib; path = ToolCollectionViewCell.xib; sourceTree = "<group>"; };
		3908A81D2781B24500694BD0 /* HomeCellCollectionViewCell.swift */ = {isa = PBXFileReference; fileEncoding = 4; lastKnownFileType = sourcecode.swift; path = HomeCellCollectionViewCell.swift; sourceTree = "<group>"; };
		3908A81F2781B25000694BD0 /* HomeCellCollectionViewCell.xib */ = {isa = PBXFileReference; fileEncoding = 4; lastKnownFileType = file.xib; path = HomeCellCollectionViewCell.xib; sourceTree = "<group>"; };
		3908A8252781B2CA00694BD0 /* ChatTableViewCell.swift */ = {isa = PBXFileReference; fileEncoding = 4; lastKnownFileType = sourcecode.swift; path = ChatTableViewCell.swift; sourceTree = "<group>"; };
		3908A8272781B2D100694BD0 /* ChatTableViewCell.xib */ = {isa = PBXFileReference; fileEncoding = 4; lastKnownFileType = file.xib; path = ChatTableViewCell.xib; sourceTree = "<group>"; };
		3908A82A2781B2F400694BD0 /* ChatUserTableViewCell.swift */ = {isa = PBXFileReference; fileEncoding = 4; lastKnownFileType = sourcecode.swift; path = ChatUserTableViewCell.swift; sourceTree = "<group>"; };
		3908A82C2781B2FC00694BD0 /* ChatUserTableViewCell.xib */ = {isa = PBXFileReference; fileEncoding = 4; lastKnownFileType = file.xib; path = ChatUserTableViewCell.xib; sourceTree = "<group>"; };
		3908A82F2781B34B00694BD0 /* ChatUserViewController.swift */ = {isa = PBXFileReference; fileEncoding = 4; lastKnownFileType = sourcecode.swift; path = ChatUserViewController.swift; sourceTree = "<group>"; };
		3908A8312781B35300694BD0 /* ArticlesViewController.swift */ = {isa = PBXFileReference; fileEncoding = 4; lastKnownFileType = sourcecode.swift; path = ArticlesViewController.swift; sourceTree = "<group>"; };
		3908A8362781B38A00694BD0 /* SignUpViewController.swift */ = {isa = PBXFileReference; fileEncoding = 4; lastKnownFileType = sourcecode.swift; path = SignUpViewController.swift; sourceTree = "<group>"; };
		3908A8382781B38F00694BD0 /* ForgotPasswordViewController.swift */ = {isa = PBXFileReference; fileEncoding = 4; lastKnownFileType = sourcecode.swift; path = ForgotPasswordViewController.swift; sourceTree = "<group>"; };
		3908A83A2781B3CF00694BD0 /* SectionsDetailsViewController.swift */ = {isa = PBXFileReference; fileEncoding = 4; lastKnownFileType = sourcecode.swift; path = SectionsDetailsViewController.swift; sourceTree = "<group>"; };
		3908A83C2781B3DA00694BD0 /* ChatViewController.swift */ = {isa = PBXFileReference; fileEncoding = 4; lastKnownFileType = sourcecode.swift; path = ChatViewController.swift; sourceTree = "<group>"; };
		3908A83E2781B3E300694BD0 /* ArticleDetailsViewController.swift */ = {isa = PBXFileReference; fileEncoding = 4; lastKnownFileType = sourcecode.swift; path = ArticleDetailsViewController.swift; sourceTree = "<group>"; };
		3908A8412781B43000694BD0 /* MainNavigationController.swift */ = {isa = PBXFileReference; fileEncoding = 4; lastKnownFileType = sourcecode.swift; path = MainNavigationController.swift; sourceTree = "<group>"; };
		3908A8452781B4DB00694BD0 /* UITableViewExtesions.swift.swift */ = {isa = PBXFileReference; fileEncoding = 4; lastKnownFileType = sourcecode.swift; path = UITableViewExtesions.swift.swift; sourceTree = "<group>"; };
		3908A8462781B4DB00694BD0 /* UITextFeildExtensions.swift */ = {isa = PBXFileReference; fileEncoding = 4; lastKnownFileType = sourcecode.swift; path = UITextFeildExtensions.swift; sourceTree = "<group>"; };
		3908A8472781B4DB00694BD0 /* UITextViewExtensions.swift */ = {isa = PBXFileReference; fileEncoding = 4; lastKnownFileType = sourcecode.swift; path = UITextViewExtensions.swift; sourceTree = "<group>"; };
		3908A8482781B4DB00694BD0 /* UIViewContollerExtensions.swift */ = {isa = PBXFileReference; fileEncoding = 4; lastKnownFileType = sourcecode.swift; path = UIViewContollerExtensions.swift; sourceTree = "<group>"; };
		3908A8492781B4DB00694BD0 /* StringExtensions.swift */ = {isa = PBXFileReference; fileEncoding = 4; lastKnownFileType = sourcecode.swift; path = StringExtensions.swift; sourceTree = "<group>"; };
		3908A84A2781B4DB00694BD0 /* UIButtonExtesions.swift */ = {isa = PBXFileReference; fileEncoding = 4; lastKnownFileType = sourcecode.swift; path = UIButtonExtesions.swift; sourceTree = "<group>"; };
		3908A84B2781B4DB00694BD0 /* UIImageViewExtesions.swift */ = {isa = PBXFileReference; fileEncoding = 4; lastKnownFileType = sourcecode.swift; path = UIImageViewExtesions.swift; sourceTree = "<group>"; };
		3908A84C2781B4DB00694BD0 /* UICollectionViewExtesions.swift */ = {isa = PBXFileReference; fileEncoding = 4; lastKnownFileType = sourcecode.swift; path = UICollectionViewExtesions.swift; sourceTree = "<group>"; };
		3908A84D2781B4DB00694BD0 /* UIViewExtensions.swift */ = {isa = PBXFileReference; fileEncoding = 4; lastKnownFileType = sourcecode.swift; path = UIViewExtensions.swift; sourceTree = "<group>"; };
		3908A84E2781B4DB00694BD0 /* DateExtensions.swift */ = {isa = PBXFileReference; fileEncoding = 4; lastKnownFileType = sourcecode.swift; path = DateExtensions.swift; sourceTree = "<group>"; };
		3908A84F2781B4DB00694BD0 /* UIColorExtensions.swift */ = {isa = PBXFileReference; fileEncoding = 4; lastKnownFileType = sourcecode.swift; path = UIColorExtensions.swift; sourceTree = "<group>"; };
		3908A85B2781B4F700694BD0 /* Constants.swift */ = {isa = PBXFileReference; fileEncoding = 4; lastKnownFileType = sourcecode.swift; path = Constants.swift; sourceTree = "<group>"; };
		3908A85D2781B50200694BD0 /* FirebaseManager.swift */ = {isa = PBXFileReference; fileEncoding = 4; lastKnownFileType = sourcecode.swift; path = FirebaseManager.swift; sourceTree = "<group>"; };
		3908A8602781B54100694BD0 /* UserModel.swift */ = {isa = PBXFileReference; fileEncoding = 4; lastKnownFileType = sourcecode.swift; path = UserModel.swift; sourceTree = "<group>"; };
		3908A8612781B54100694BD0 /* ArticleModel.swift */ = {isa = PBXFileReference; fileEncoding = 4; lastKnownFileType = sourcecode.swift; path = ArticleModel.swift; sourceTree = "<group>"; };
		3908A8622781B54100694BD0 /* MessageModel.swift */ = {isa = PBXFileReference; fileEncoding = 4; lastKnownFileType = sourcecode.swift; path = MessageModel.swift; sourceTree = "<group>"; };
		3908A8632781B54100694BD0 /* ToolModel.swift */ = {isa = PBXFileReference; fileEncoding = 4; lastKnownFileType = sourcecode.swift; path = ToolModel.swift; sourceTree = "<group>"; };
		3908A87D2781B9FB00694BD0 /* UserProfile.swift */ = {isa = PBXFileReference; fileEncoding = 4; lastKnownFileType = sourcecode.swift; path = UserProfile.swift; sourceTree = "<group>"; };
		3908A8802781BAC500694BD0 /* ArticlesTableViewCell.swift */ = {isa = PBXFileReference; fileEncoding = 4; lastKnownFileType = sourcecode.swift; path = ArticlesTableViewCell.swift; sourceTree = "<group>"; };
		3908A8822781BACC00694BD0 /* ArticlesTableViewCell.xib */ = {isa = PBXFileReference; fileEncoding = 4; lastKnownFileType = file.xib; path = ArticlesTableViewCell.xib; sourceTree = "<group>"; };
		391993482781FCC10048E2B7 /* HomeViewController.swift */ = {isa = PBXFileReference; fileEncoding = 4; lastKnownFileType = sourcecode.swift; path = HomeViewController.swift; sourceTree = "<group>"; };
		393C635427832EE900863714 /* GoogleService-Info.plist */ = {isa = PBXFileReference; fileEncoding = 4; lastKnownFileType = text.plist.xml; path = "GoogleService-Info.plist"; sourceTree = "<group>"; };
		3996E0B22782E52500DCF781 /* SignInViewController1.swift */ = {isa = PBXFileReference; lastKnownFileType = sourcecode.swift; path = SignInViewController1.swift; sourceTree = "<group>"; };
		3996E0B42782EE8D00DCF781 /* ImagePicker.swift */ = {isa = PBXFileReference; lastKnownFileType = sourcecode.swift; path = ImagePicker.swift; sourceTree = "<group>"; };
		3996E0BC27830FC000DCF781 /* MenuTableViewCell.xib */ = {isa = PBXFileReference; fileEncoding = 4; lastKnownFileType = file.xib; path = MenuTableViewCell.xib; sourceTree = "<group>"; };
		3996E0BD27830FC000DCF781 /* MenuTableViewCell.swift */ = {isa = PBXFileReference; fileEncoding = 4; lastKnownFileType = sourcecode.swift; path = MenuTableViewCell.swift; sourceTree = "<group>"; };
		39E76111278180E50017D164 /* Jana.app */ = {isa = PBXFileReference; explicitFileType = wrapper.application; includeInIndex = 0; path = Jana.app; sourceTree = BUILT_PRODUCTS_DIR; };
		39E76114278180E50017D164 /* AppDelegate.swift */ = {isa = PBXFileReference; lastKnownFileType = sourcecode.swift; path = AppDelegate.swift; sourceTree = "<group>"; };
		39E76116278180E50017D164 /* SceneDelegate.swift */ = {isa = PBXFileReference; lastKnownFileType = sourcecode.swift; path = SceneDelegate.swift; sourceTree = "<group>"; };
		39E7611B278180E50017D164 /* Base */ = {isa = PBXFileReference; lastKnownFileType = file.storyboard; name = Base; path = Base.lproj/Main.storyboard; sourceTree = "<group>"; };
		39E7611D278180E90017D164 /* Assets.xcassets */ = {isa = PBXFileReference; lastKnownFileType = folder.assetcatalog; path = Assets.xcassets; sourceTree = "<group>"; };
		39E76120278180E90017D164 /* Base */ = {isa = PBXFileReference; lastKnownFileType = file.storyboard; name = Base; path = Base.lproj/LaunchScreen.storyboard; sourceTree = "<group>"; };
		39E76122278180E90017D164 /* Info.plist */ = {isa = PBXFileReference; lastKnownFileType = text.plist.xml; path = Info.plist; sourceTree = "<group>"; };
		9A0C361E86BAD43B4E1B2C67 /* Pods-Jana.debug.xcconfig */ = {isa = PBXFileReference; includeInIndex = 1; lastKnownFileType = text.xcconfig; name = "Pods-Jana.debug.xcconfig"; path = "Target Support Files/Pods-Jana/Pods-Jana.debug.xcconfig"; sourceTree = "<group>"; };
/* End PBXFileReference section */

/* Begin PBXFrameworksBuildPhase section */
		39E7610E278180E50017D164 /* Frameworks */ = {
			isa = PBXFrameworksBuildPhase;
			buildActionMask = 2147483647;
			files = (
				4526B670A66B31B0D8AF6E89 /* Pods_Jana.framework in Frameworks */,
			);
			runOnlyForDeploymentPostprocessing = 0;
		};
/* End PBXFrameworksBuildPhase section */

/* Begin PBXGroup section */
		2D4185F7EA4C00A9089A4580 /* Frameworks */ = {
			isa = PBXGroup;
			children = (
				0EFD83045B6A2C3BDC230A52 /* Pods_Jana.framework */,
			);
			name = Frameworks;
			sourceTree = "<group>";
		};
		3908A8132781B16700694BD0 /* ViewControllers */ = {
			isa = PBXGroup;
			children = (
				3908A8142781B18700694BD0 /* Xib */,
				3908A82E2781B33B00694BD0 /* Tabbar */,
				3908A8332781B37800694BD0 /* Auth */,
				3908A8412781B43000694BD0 /* MainNavigationController.swift */,
				3908A83E2781B3E300694BD0 /* ArticleDetailsViewController.swift */,
				3908A83C2781B3DA00694BD0 /* ChatViewController.swift */,
				3908A83A2781B3CF00694BD0 /* SectionsDetailsViewController.swift */,
			);
			path = ViewControllers;
			sourceTree = "<group>";
		};
		3908A8142781B18700694BD0 /* Xib */ = {
			isa = PBXGroup;
			children = (
				3908A8212781B26A00694BD0 /* TableView */,
				3908A8152781B19B00694BD0 /* CollectionView */,
			);
			path = Xib;
			sourceTree = "<group>";
		};
		3908A8152781B19B00694BD0 /* CollectionView */ = {
			isa = PBXGroup;
			children = (
				3908A81C2781B23800694BD0 /* HomeCell */,
				3908A8162781B1AC00694BD0 /* ToolCell */,
			);
			path = CollectionView;
			sourceTree = "<group>";
		};
		3908A8162781B1AC00694BD0 /* ToolCell */ = {
			isa = PBXGroup;
			children = (
				3908A8172781B1FE00694BD0 /* ToolCollectionViewCell.swift */,
				3908A8192781B20D00694BD0 /* ToolCollectionViewCell.xib */,
			);
			path = ToolCell;
			sourceTree = "<group>";
		};
		3908A81C2781B23800694BD0 /* HomeCell */ = {
			isa = PBXGroup;
			children = (
				3908A81D2781B24500694BD0 /* HomeCellCollectionViewCell.swift */,
				3908A81F2781B25000694BD0 /* HomeCellCollectionViewCell.xib */,
			);
			path = HomeCell;
			sourceTree = "<group>";
		};
		3908A8212781B26A00694BD0 /* TableView */ = {
			isa = PBXGroup;
			children = (
				3996E0BB27830FC000DCF781 /* Menu */,
				3908A87F2781BAB200694BD0 /* Articles */,
				3908A8292781B2E400694BD0 /* ChatUser */,
				3908A8242781B2BB00694BD0 /* Chat */,
			);
			path = TableView;
			sourceTree = "<group>";
		};
		3908A8242781B2BB00694BD0 /* Chat */ = {
			isa = PBXGroup;
			children = (
				3908A8252781B2CA00694BD0 /* ChatTableViewCell.swift */,
				3908A8272781B2D100694BD0 /* ChatTableViewCell.xib */,
			);
			path = Chat;
			sourceTree = "<group>";
		};
		3908A8292781B2E400694BD0 /* ChatUser */ = {
			isa = PBXGroup;
			children = (
				3908A82A2781B2F400694BD0 /* ChatUserTableViewCell.swift */,
				3908A82C2781B2FC00694BD0 /* ChatUserTableViewCell.xib */,
			);
			path = ChatUser;
			sourceTree = "<group>";
		};
		3908A82E2781B33B00694BD0 /* Tabbar */ = {
			isa = PBXGroup;
			children = (
				391993482781FCC10048E2B7 /* HomeViewController.swift */,
				3908A8312781B35300694BD0 /* ArticlesViewController.swift */,
				3908A82F2781B34B00694BD0 /* ChatUserViewController.swift */,
			);
			path = Tabbar;
			sourceTree = "<group>";
		};
		3908A8332781B37800694BD0 /* Auth */ = {
			isa = PBXGroup;
			children = (
				3908A8362781B38A00694BD0 /* SignUpViewController.swift */,
				3908A8382781B38F00694BD0 /* ForgotPasswordViewController.swift */,
				3996E0B22782E52500DCF781 /* SignInViewController1.swift */,
			);
			path = Auth;
			sourceTree = "<group>";
		};
		3908A8402781B3F700694BD0 /* Delegates */ = {
			isa = PBXGroup;
			children = (
				39E76116278180E50017D164 /* SceneDelegate.swift */,
				39E76114278180E50017D164 /* AppDelegate.swift */,
			);
			path = Delegates;
			sourceTree = "<group>";
		};
		3908A8432781B4A400694BD0 /* Utils */ = {
			isa = PBXGroup;
			children = (
				3908A8442781B4C200694BD0 /* Extensions */,
				3908A85B2781B4F700694BD0 /* Constants.swift */,
				3908A85D2781B50200694BD0 /* FirebaseManager.swift */,
				3996E0B42782EE8D00DCF781 /* ImagePicker.swift */,
				3908A87D2781B9FB00694BD0 /* UserProfile.swift */,
			);
			path = Utils;
			sourceTree = "<group>";
		};
		3908A8442781B4C200694BD0 /* Extensions */ = {
			isa = PBXGroup;
			children = (
				3908A84E2781B4DB00694BD0 /* DateExtensions.swift */,
				3908A8492781B4DB00694BD0 /* StringExtensions.swift */,
				3908A84A2781B4DB00694BD0 /* UIButtonExtesions.swift */,
				3908A84C2781B4DB00694BD0 /* UICollectionViewExtesions.swift */,
				3908A84F2781B4DB00694BD0 /* UIColorExtensions.swift */,
				3908A84B2781B4DB00694BD0 /* UIImageViewExtesions.swift */,
				3908A8452781B4DB00694BD0 /* UITableViewExtesions.swift.swift */,
				3908A8462781B4DB00694BD0 /* UITextFeildExtensions.swift */,
				3908A8472781B4DB00694BD0 /* UITextViewExtensions.swift */,
				3908A8482781B4DB00694BD0 /* UIViewContollerExtensions.swift */,
				3908A84D2781B4DB00694BD0 /* UIViewExtensions.swift */,
			);
			path = Extensions;
			sourceTree = "<group>";
		};
		3908A85F2781B51F00694BD0 /* Models */ = {
			isa = PBXGroup;
			children = (
				3908A8612781B54100694BD0 /* ArticleModel.swift */,
				3908A8622781B54100694BD0 /* MessageModel.swift */,
				3908A8632781B54100694BD0 /* ToolModel.swift */,
				3908A8602781B54100694BD0 /* UserModel.swift */,
			);
			path = Models;
			sourceTree = "<group>";
		};
		3908A8682781B55D00694BD0 /* SupportFiles */ = {
			isa = PBXGroup;
			children = (
				39E76122278180E90017D164 /* Info.plist */,
				393C635427832EE900863714 /* GoogleService-Info.plist */,
				39E7611D278180E90017D164 /* Assets.xcassets */,
			);
			path = SupportFiles;
			sourceTree = "<group>";
		};
		3908A87C2781B60E00694BD0 /* Storyboards */ = {
			isa = PBXGroup;
			children = (
				39E7611F278180E90017D164 /* LaunchScreen.storyboard */,
				39E7611A278180E50017D164 /* Main.storyboard */,
			);
			path = Storyboards;
			sourceTree = "<group>";
		};
		3908A87F2781BAB200694BD0 /* Articles */ = {
			isa = PBXGroup;
			children = (
				3908A8822781BACC00694BD0 /* ArticlesTableViewCell.xib */,
				3908A8802781BAC500694BD0 /* ArticlesTableViewCell.swift */,
			);
			path = Articles;
			sourceTree = "<group>";
		};
		3996E0BB27830FC000DCF781 /* Menu */ = {
			isa = PBXGroup;
			children = (
				3996E0BC27830FC000DCF781 /* MenuTableViewCell.xib */,
				3996E0BD27830FC000DCF781 /* MenuTableViewCell.swift */,
			);
			path = Menu;
			sourceTree = "<group>";
		};
		39E76108278180E50017D164 = {
			isa = PBXGroup;
			children = (
				39E76113278180E50017D164 /* Jana */,
				39E76112278180E50017D164 /* Products */,
				78774C033E03D01E00200C81 /* Pods */,
				2D4185F7EA4C00A9089A4580 /* Frameworks */,
			);
			sourceTree = "<group>";
		};
		39E76112278180E50017D164 /* Products */ = {
			isa = PBXGroup;
			children = (
				39E76111278180E50017D164 /* Jana.app */,
			);
			name = Products;
			sourceTree = "<group>";
		};
		39E76113278180E50017D164 /* Jana */ = {
			isa = PBXGroup;
			children = (
				3908A8402781B3F700694BD0 /* Delegates */,
				3908A87C2781B60E00694BD0 /* Storyboards */,
				3908A8132781B16700694BD0 /* ViewControllers */,
				3908A8432781B4A400694BD0 /* Utils */,
				3908A85F2781B51F00694BD0 /* Models */,
				3908A8682781B55D00694BD0 /* SupportFiles */,
			);
			path = Jana;
			sourceTree = "<group>";
		};
		78774C033E03D01E00200C81 /* Pods */ = {
			isa = PBXGroup;
			children = (
				9A0C361E86BAD43B4E1B2C67 /* Pods-Jana.debug.xcconfig */,
				23FECAFB57932E3DD8F5C99F /* Pods-Jana.release.xcconfig */,
			);
			path = Pods;
			sourceTree = "<group>";
		};
/* End PBXGroup section */

/* Begin PBXNativeTarget section */
		39E76110278180E50017D164 /* Jana */ = {
			isa = PBXNativeTarget;
			buildConfigurationList = 39E76125278180E90017D164 /* Build configuration list for PBXNativeTarget "Jana" */;
			buildPhases = (
				7F036881E85151BF481EF54A /* [CP] Check Pods Manifest.lock */,
				39E7610D278180E50017D164 /* Sources */,
				39E7610E278180E50017D164 /* Frameworks */,
				39E7610F278180E50017D164 /* Resources */,
				68B6778FDAA100FADBF32720 /* [CP] Embed Pods Frameworks */,
			);
			buildRules = (
			);
			dependencies = (
			);
			name = Jana;
			productName = Jana;
			productReference = 39E76111278180E50017D164 /* Jana.app */;
			productType = "com.apple.product-type.application";
		};
/* End PBXNativeTarget section */

/* Begin PBXProject section */
		39E76109278180E50017D164 /* Project object */ = {
			isa = PBXProject;
			attributes = {
				BuildIndependentTargetsInParallel = 1;
				LastSwiftUpdateCheck = 1320;
				LastUpgradeCheck = 1320;
				TargetAttributes = {
					39E76110278180E50017D164 = {
						CreatedOnToolsVersion = 13.2.1;
					};
				};
			};
			buildConfigurationList = 39E7610C278180E50017D164 /* Build configuration list for PBXProject "Jana" */;
			compatibilityVersion = "Xcode 13.0";
			developmentRegion = en;
			hasScannedForEncodings = 0;
			knownRegions = (
				en,
				Base,
			);
			mainGroup = 39E76108278180E50017D164;
			productRefGroup = 39E76112278180E50017D164 /* Products */;
			projectDirPath = "";
			projectRoot = "";
			targets = (
				39E76110278180E50017D164 /* Jana */,
			);
		};
/* End PBXProject section */

/* Begin PBXResourcesBuildPhase section */
		39E7610F278180E50017D164 /* Resources */ = {
			isa = PBXResourcesBuildPhase;
			buildActionMask = 2147483647;
			files = (
				3908A8832781BACC00694BD0 /* ArticlesTableViewCell.xib in Resources */,
				3908A81A2781B20D00694BD0 /* ToolCollectionViewCell.xib in Resources */,
				3908A8282781B2D100694BD0 /* ChatTableViewCell.xib in Resources */,
				39E76121278180E90017D164 /* LaunchScreen.storyboard in Resources */,
				3908A82D2781B2FC00694BD0 /* ChatUserTableViewCell.xib in Resources */,
				39E7611E278180E90017D164 /* Assets.xcassets in Resources */,
				39E7611C278180E50017D164 /* Main.storyboard in Resources */,
				393C635527832EE900863714 /* GoogleService-Info.plist in Resources */,
				3996E0BE27830FC000DCF781 /* MenuTableViewCell.xib in Resources */,
				3908A8202781B25000694BD0 /* HomeCellCollectionViewCell.xib in Resources */,
			);
			runOnlyForDeploymentPostprocessing = 0;
		};
/* End PBXResourcesBuildPhase section */

/* Begin PBXShellScriptBuildPhase section */
		68B6778FDAA100FADBF32720 /* [CP] Embed Pods Frameworks */ = {
			isa = PBXShellScriptBuildPhase;
			buildActionMask = 2147483647;
			files = (
			);
			inputFileListPaths = (
				"${PODS_ROOT}/Target Support Files/Pods-Jana/Pods-Jana-frameworks-${CONFIGURATION}-input-files.xcfilelist",
			);
			name = "[CP] Embed Pods Frameworks";
			outputFileListPaths = (
				"${PODS_ROOT}/Target Support Files/Pods-Jana/Pods-Jana-frameworks-${CONFIGURATION}-output-files.xcfilelist",
			);
			runOnlyForDeploymentPostprocessing = 0;
			shellPath = /bin/sh;
			shellScript = "\"${PODS_ROOT}/Target Support Files/Pods-Jana/Pods-Jana-frameworks.sh\"\n";
			showEnvVarsInLog = 0;
		};
		7F036881E85151BF481EF54A /* [CP] Check Pods Manifest.lock */ = {
			isa = PBXShellScriptBuildPhase;
			buildActionMask = 2147483647;
			files = (
			);
			inputFileListPaths = (
			);
			inputPaths = (
				"${PODS_PODFILE_DIR_PATH}/Podfile.lock",
				"${PODS_ROOT}/Manifest.lock",
			);
			name = "[CP] Check Pods Manifest.lock";
			outputFileListPaths = (
			);
			outputPaths = (
				"$(DERIVED_FILE_DIR)/Pods-Jana-checkManifestLockResult.txt",
			);
			runOnlyForDeploymentPostprocessing = 0;
			shellPath = /bin/sh;
			shellScript = "diff \"${PODS_PODFILE_DIR_PATH}/Podfile.lock\" \"${PODS_ROOT}/Manifest.lock\" > /dev/null\nif [ $? != 0 ] ; then\n    # print error to STDERR\n    echo \"error: The sandbox is not in sync with the Podfile.lock. Run 'pod install' or update your CocoaPods installation.\" >&2\n    exit 1\nfi\n# This output is used by Xcode 'outputs' to avoid re-running this script phase.\necho \"SUCCESS\" > \"${SCRIPT_OUTPUT_FILE_0}\"\n";
			showEnvVarsInLog = 0;
		};
/* End PBXShellScriptBuildPhase section */

/* Begin PBXSourcesBuildPhase section */
		39E7610D278180E50017D164 /* Sources */ = {
			isa = PBXSourcesBuildPhase;
			buildActionMask = 2147483647;
			files = (
				3908A85A2781B4DB00694BD0 /* UIColorExtensions.swift in Sources */,
				3908A8562781B4DB00694BD0 /* UIImageViewExtesions.swift in Sources */,
				3908A8372781B38A00694BD0 /* SignUpViewController.swift in Sources */,
				3908A8662781B54100694BD0 /* MessageModel.swift in Sources */,
				3908A82B2781B2F400694BD0 /* ChatUserTableViewCell.swift in Sources */,
				3908A8422781B43000694BD0 /* MainNavigationController.swift in Sources */,
				3908A8542781B4DB00694BD0 /* StringExtensions.swift in Sources */,
				3908A8512781B4DB00694BD0 /* UITextFeildExtensions.swift in Sources */,
				3996E0B52782EE8D00DCF781 /* ImagePicker.swift in Sources */,
				3908A8182781B1FE00694BD0 /* ToolCollectionViewCell.swift in Sources */,
				3908A81E2781B24500694BD0 /* HomeCellCollectionViewCell.swift in Sources */,
				3908A83B2781B3CF00694BD0 /* SectionsDetailsViewController.swift in Sources */,
				3996E0BF27830FC000DCF781 /* MenuTableViewCell.swift in Sources */,
				3908A8322781B35300694BD0 /* ArticlesViewController.swift in Sources */,
				3908A85C2781B4F700694BD0 /* Constants.swift in Sources */,
				3908A8502781B4DB00694BD0 /* UITableViewExtesions.swift.swift in Sources */,
				3908A8672781B54100694BD0 /* ToolModel.swift in Sources */,
				3908A8812781BAC500694BD0 /* ArticlesTableViewCell.swift in Sources */,
				3908A8552781B4DB00694BD0 /* UIButtonExtesions.swift in Sources */,
				3908A87E2781B9FB00694BD0 /* UserProfile.swift in Sources */,
				3996E0B32782E52500DCF781 /* SignInViewController1.swift in Sources */,
				3908A8262781B2CA00694BD0 /* ChatTableViewCell.swift in Sources */,
				3908A8302781B34B00694BD0 /* ChatUserViewController.swift in Sources */,
				3908A8392781B38F00694BD0 /* ForgotPasswordViewController.swift in Sources */,
				3908A8532781B4DB00694BD0 /* UIViewContollerExtensions.swift in Sources */,
				391993492781FCC10048E2B7 /* HomeViewController.swift in Sources */,
				3908A85E2781B50200694BD0 /* FirebaseManager.swift in Sources */,
				3908A8572781B4DB00694BD0 /* UICollectionViewExtesions.swift in Sources */,
				3908A83D2781B3DA00694BD0 /* ChatViewController.swift in Sources */,
				3908A8652781B54100694BD0 /* ArticleModel.swift in Sources */,
				39E76115278180E50017D164 /* AppDelegate.swift in Sources */,
				3908A8582781B4DB00694BD0 /* UIViewExtensions.swift in Sources */,
				3908A8522781B4DB00694BD0 /* UITextViewExtensions.swift in Sources */,
				39E76117278180E50017D164 /* SceneDelegate.swift in Sources */,
				3908A83F2781B3E300694BD0 /* ArticleDetailsViewController.swift in Sources */,
				3908A8642781B54100694BD0 /* UserModel.swift in Sources */,
				3908A8592781B4DB00694BD0 /* DateExtensions.swift in Sources */,
			);
			runOnlyForDeploymentPostprocessing = 0;
		};
/* End PBXSourcesBuildPhase section */

/* Begin PBXVariantGroup section */
		39E7611A278180E50017D164 /* Main.storyboard */ = {
			isa = PBXVariantGroup;
			children = (
				39E7611B278180E50017D164 /* Base */,
			);
			name = Main.storyboard;
			sourceTree = "<group>";
		};
		39E7611F278180E90017D164 /* LaunchScreen.storyboard */ = {
			isa = PBXVariantGroup;
			children = (
				39E76120278180E90017D164 /* Base */,
			);
			name = LaunchScreen.storyboard;
			sourceTree = "<group>";
		};
/* End PBXVariantGroup section */

/* Begin XCBuildConfiguration section */
		39E76123278180E90017D164 /* Debug */ = {
			isa = XCBuildConfiguration;
			buildSettings = {
				ALWAYS_SEARCH_USER_PATHS = NO;
				CLANG_ANALYZER_NONNULL = YES;
				CLANG_ANALYZER_NUMBER_OBJECT_CONVERSION = YES_AGGRESSIVE;
				CLANG_CXX_LANGUAGE_STANDARD = "gnu++17";
				CLANG_CXX_LIBRARY = "libc++";
				CLANG_ENABLE_MODULES = YES;
				CLANG_ENABLE_OBJC_ARC = YES;
				CLANG_ENABLE_OBJC_WEAK = YES;
				CLANG_WARN_BLOCK_CAPTURE_AUTORELEASING = YES;
				CLANG_WARN_BOOL_CONVERSION = YES;
				CLANG_WARN_COMMA = YES;
				CLANG_WARN_CONSTANT_CONVERSION = YES;
				CLANG_WARN_DEPRECATED_OBJC_IMPLEMENTATIONS = YES;
				CLANG_WARN_DIRECT_OBJC_ISA_USAGE = YES_ERROR;
				CLANG_WARN_DOCUMENTATION_COMMENTS = YES;
				CLANG_WARN_EMPTY_BODY = YES;
				CLANG_WARN_ENUM_CONVERSION = YES;
				CLANG_WARN_INFINITE_RECURSION = YES;
				CLANG_WARN_INT_CONVERSION = YES;
				CLANG_WARN_NON_LITERAL_NULL_CONVERSION = YES;
				CLANG_WARN_OBJC_IMPLICIT_RETAIN_SELF = YES;
				CLANG_WARN_OBJC_LITERAL_CONVERSION = YES;
				CLANG_WARN_OBJC_ROOT_CLASS = YES_ERROR;
				CLANG_WARN_QUOTED_INCLUDE_IN_FRAMEWORK_HEADER = YES;
				CLANG_WARN_RANGE_LOOP_ANALYSIS = YES;
				CLANG_WARN_STRICT_PROTOTYPES = YES;
				CLANG_WARN_SUSPICIOUS_MOVE = YES;
				CLANG_WARN_UNGUARDED_AVAILABILITY = YES_AGGRESSIVE;
				CLANG_WARN_UNREACHABLE_CODE = YES;
				CLANG_WARN__DUPLICATE_METHOD_MATCH = YES;
				COPY_PHASE_STRIP = NO;
				DEBUG_INFORMATION_FORMAT = dwarf;
				ENABLE_STRICT_OBJC_MSGSEND = YES;
				ENABLE_TESTABILITY = YES;
				GCC_C_LANGUAGE_STANDARD = gnu11;
				GCC_DYNAMIC_NO_PIC = NO;
				GCC_NO_COMMON_BLOCKS = YES;
				GCC_OPTIMIZATION_LEVEL = 0;
				GCC_PREPROCESSOR_DEFINITIONS = (
					"DEBUG=1",
					"$(inherited)",
				);
				GCC_WARN_64_TO_32_BIT_CONVERSION = YES;
				GCC_WARN_ABOUT_RETURN_TYPE = YES_ERROR;
				GCC_WARN_UNDECLARED_SELECTOR = YES;
				GCC_WARN_UNINITIALIZED_AUTOS = YES_AGGRESSIVE;
				GCC_WARN_UNUSED_FUNCTION = YES;
				GCC_WARN_UNUSED_VARIABLE = YES;
				IPHONEOS_DEPLOYMENT_TARGET = 15.2;
				MTL_ENABLE_DEBUG_INFO = INCLUDE_SOURCE;
				MTL_FAST_MATH = YES;
				ONLY_ACTIVE_ARCH = YES;
				SDKROOT = iphoneos;
				SWIFT_ACTIVE_COMPILATION_CONDITIONS = DEBUG;
				SWIFT_OPTIMIZATION_LEVEL = "-Onone";
			};
			name = Debug;
		};
		39E76124278180E90017D164 /* Release */ = {
			isa = XCBuildConfiguration;
			buildSettings = {
				ALWAYS_SEARCH_USER_PATHS = NO;
				CLANG_ANALYZER_NONNULL = YES;
				CLANG_ANALYZER_NUMBER_OBJECT_CONVERSION = YES_AGGRESSIVE;
				CLANG_CXX_LANGUAGE_STANDARD = "gnu++17";
				CLANG_CXX_LIBRARY = "libc++";
				CLANG_ENABLE_MODULES = YES;
				CLANG_ENABLE_OBJC_ARC = YES;
				CLANG_ENABLE_OBJC_WEAK = YES;
				CLANG_WARN_BLOCK_CAPTURE_AUTORELEASING = YES;
				CLANG_WARN_BOOL_CONVERSION = YES;
				CLANG_WARN_COMMA = YES;
				CLANG_WARN_CONSTANT_CONVERSION = YES;
				CLANG_WARN_DEPRECATED_OBJC_IMPLEMENTATIONS = YES;
				CLANG_WARN_DIRECT_OBJC_ISA_USAGE = YES_ERROR;
				CLANG_WARN_DOCUMENTATION_COMMENTS = YES;
				CLANG_WARN_EMPTY_BODY = YES;
				CLANG_WARN_ENUM_CONVERSION = YES;
				CLANG_WARN_INFINITE_RECURSION = YES;
				CLANG_WARN_INT_CONVERSION = YES;
				CLANG_WARN_NON_LITERAL_NULL_CONVERSION = YES;
				CLANG_WARN_OBJC_IMPLICIT_RETAIN_SELF = YES;
				CLANG_WARN_OBJC_LITERAL_CONVERSION = YES;
				CLANG_WARN_OBJC_ROOT_CLASS = YES_ERROR;
				CLANG_WARN_QUOTED_INCLUDE_IN_FRAMEWORK_HEADER = YES;
				CLANG_WARN_RANGE_LOOP_ANALYSIS = YES;
				CLANG_WARN_STRICT_PROTOTYPES = YES;
				CLANG_WARN_SUSPICIOUS_MOVE = YES;
				CLANG_WARN_UNGUARDED_AVAILABILITY = YES_AGGRESSIVE;
				CLANG_WARN_UNREACHABLE_CODE = YES;
				CLANG_WARN__DUPLICATE_METHOD_MATCH = YES;
				COPY_PHASE_STRIP = NO;
				DEBUG_INFORMATION_FORMAT = "dwarf-with-dsym";
				ENABLE_NS_ASSERTIONS = NO;
				ENABLE_STRICT_OBJC_MSGSEND = YES;
				GCC_C_LANGUAGE_STANDARD = gnu11;
				GCC_NO_COMMON_BLOCKS = YES;
				GCC_WARN_64_TO_32_BIT_CONVERSION = YES;
				GCC_WARN_ABOUT_RETURN_TYPE = YES_ERROR;
				GCC_WARN_UNDECLARED_SELECTOR = YES;
				GCC_WARN_UNINITIALIZED_AUTOS = YES_AGGRESSIVE;
				GCC_WARN_UNUSED_FUNCTION = YES;
				GCC_WARN_UNUSED_VARIABLE = YES;
				IPHONEOS_DEPLOYMENT_TARGET = 15.2;
				MTL_ENABLE_DEBUG_INFO = NO;
				MTL_FAST_MATH = YES;
				SDKROOT = iphoneos;
				SWIFT_COMPILATION_MODE = wholemodule;
				SWIFT_OPTIMIZATION_LEVEL = "-O";
				VALIDATE_PRODUCT = YES;
			};
			name = Release;
		};
		39E76126278180E90017D164 /* Debug */ = {
			isa = XCBuildConfiguration;
			baseConfigurationReference = 9A0C361E86BAD43B4E1B2C67 /* Pods-Jana.debug.xcconfig */;
			buildSettings = {
				ASSETCATALOG_COMPILER_APPICON_NAME = AppIcon;
				ASSETCATALOG_COMPILER_GLOBAL_ACCENT_COLOR_NAME = AccentColor;
				CODE_SIGN_STYLE = Automatic;
				CURRENT_PROJECT_VERSION = 1;
				DEVELOPMENT_TEAM = S2J33S59Q6;
				GENERATE_INFOPLIST_FILE = YES;
				INFOPLIST_FILE = Jana/Info.plist;
				INFOPLIST_KEY_NSCameraUsageDescription = "رفع صور للأطفال";
				INFOPLIST_KEY_NSPhotoLibraryUsageDescription = "رفع صور للأطفال";
				INFOPLIST_KEY_UIApplicationSupportsIndirectInputEvents = YES;
				INFOPLIST_KEY_UILaunchStoryboardName = LaunchScreen;
				INFOPLIST_KEY_UIMainStoryboardFile = Main;
				INFOPLIST_KEY_UISupportedInterfaceOrientations_iPad = "UIInterfaceOrientationPortrait UIInterfaceOrientationPortraitUpsideDown UIInterfaceOrientationLandscapeLeft UIInterfaceOrientationLandscapeRight";
				INFOPLIST_KEY_UISupportedInterfaceOrientations_iPhone = "UIInterfaceOrientationPortrait UIInterfaceOrientationLandscapeLeft UIInterfaceOrientationLandscapeRight";
				INFOPLIST_KEY_UIUserInterfaceStyle = Light;
				LD_RUNPATH_SEARCH_PATHS = (
					"$(inherited)",
					"@executable_path/Frameworks",
				);
				MARKETING_VERSION = 1.0;
				PRODUCT_BUNDLE_IDENTIFIER = com.mona.Jana;
				PRODUCT_NAME = "$(TARGET_NAME)";
				SWIFT_EMIT_LOC_STRINGS = YES;
				SWIFT_VERSION = 5.0;
				TARGETED_DEVICE_FAMILY = "1,2";
			};
			name = Debug;
		};
		39E76127278180E90017D164 /* Release */ = {
			isa = XCBuildConfiguration;
			baseConfigurationReference = 23FECAFB57932E3DD8F5C99F /* Pods-Jana.release.xcconfig */;
			buildSettings = {
				ASSETCATALOG_COMPILER_APPICON_NAME = AppIcon;
				ASSETCATALOG_COMPILER_GLOBAL_ACCENT_COLOR_NAME = AccentColor;
				CODE_SIGN_STYLE = Automatic;
				CURRENT_PROJECT_VERSION = 1;
				DEVELOPMENT_TEAM = S2J33S59Q6;
				GENERATE_INFOPLIST_FILE = YES;
				INFOPLIST_FILE = Jana/Info.plist;
				INFOPLIST_KEY_NSCameraUsageDescription = "رفع صور للأطفال";
				INFOPLIST_KEY_NSPhotoLibraryUsageDescription = "رفع صور للأطفال";
				INFOPLIST_KEY_UIApplicationSupportsIndirectInputEvents = YES;
				INFOPLIST_KEY_UILaunchStoryboardName = LaunchScreen;
				INFOPLIST_KEY_UIMainStoryboardFile = Main;
				INFOPLIST_KEY_UISupportedInterfaceOrientations_iPad = "UIInterfaceOrientationPortrait UIInterfaceOrientationPortraitUpsideDown UIInterfaceOrientationLandscapeLeft UIInterfaceOrientationLandscapeRight";
				INFOPLIST_KEY_UISupportedInterfaceOrientations_iPhone = "UIInterfaceOrientationPortrait UIInterfaceOrientationLandscapeLeft UIInterfaceOrientationLandscapeRight";
				INFOPLIST_KEY_UIUserInterfaceStyle = Light;
				LD_RUNPATH_SEARCH_PATHS = (
					"$(inherited)",
					"@executable_path/Frameworks",
				);
				MARKETING_VERSION = 1.0;
				PRODUCT_BUNDLE_IDENTIFIER = com.mona.Jana;
				PRODUCT_NAME = "$(TARGET_NAME)";
				SWIFT_EMIT_LOC_STRINGS = YES;
				SWIFT_VERSION = 5.0;
				TARGETED_DEVICE_FAMILY = "1,2";
			};
			name = Release;
		};
/* End XCBuildConfiguration section */

/* Begin XCConfigurationList section */
		39E7610C278180E50017D164 /* Build configuration list for PBXProject "Jana" */ = {
			isa = XCConfigurationList;
			buildConfigurations = (
				39E76123278180E90017D164 /* Debug */,
				39E76124278180E90017D164 /* Release */,
			);
			defaultConfigurationIsVisible = 0;
			defaultConfigurationName = Release;
		};
		39E76125278180E90017D164 /* Build configuration list for PBXNativeTarget "Jana" */ = {
			isa = XCConfigurationList;
			buildConfigurations = (
				39E76126278180E90017D164 /* Debug */,
				39E76127278180E90017D164 /* Release */,
			);
			defaultConfigurationIsVisible = 0;
			defaultConfigurationName = Release;
		};
/* End XCConfigurationList section */
	};
	rootObject = 39E76109278180E50017D164 /* Project object */;
}
